// !$*UTF8*$!
{
	archiveVersion = 1;
	classes = {
	};
	objectVersion = 48;
	objects = {

/* Begin PBXBuildFile section */
		141690132043CE8600C97AE8 /* ThereModel.swift in Sources */ = {isa = PBXBuildFile; fileRef = 141690122043CE8600C97AE8 /* ThereModel.swift */; };
		145F0A512043EF8E006E07FE /* ReportViewController.swift in Sources */ = {isa = PBXBuildFile; fileRef = 145F0A502043EF8E006E07FE /* ReportViewController.swift */; };
		145F0A532043F514006E07FE /* ReportTableViewCell.swift in Sources */ = {isa = PBXBuildFile; fileRef = 145F0A522043F514006E07FE /* ReportTableViewCell.swift */; };
		14DE9B19203CFF8200FE69FE /* AppDelegate.swift in Sources */ = {isa = PBXBuildFile; fileRef = 14DE9B18203CFF8200FE69FE /* AppDelegate.swift */; };
		14DE9B1B203CFF8200FE69FE /* ViewController.swift in Sources */ = {isa = PBXBuildFile; fileRef = 14DE9B1A203CFF8200FE69FE /* ViewController.swift */; };
		14DE9B1E203CFF8200FE69FE /* Main.storyboard in Resources */ = {isa = PBXBuildFile; fileRef = 14DE9B1C203CFF8200FE69FE /* Main.storyboard */; };
		14DE9B21203CFF8300FE69FE /* YanYu_prj_iBeacon.xcdatamodeld in Sources */ = {isa = PBXBuildFile; fileRef = 14DE9B1F203CFF8300FE69FE /* YanYu_prj_iBeacon.xcdatamodeld */; };
		14DE9B23203CFF8300FE69FE /* Assets.xcassets in Resources */ = {isa = PBXBuildFile; fileRef = 14DE9B22203CFF8300FE69FE /* Assets.xcassets */; };
		14DE9B26203CFF8300FE69FE /* LaunchScreen.storyboard in Resources */ = {isa = PBXBuildFile; fileRef = 14DE9B24203CFF8300FE69FE /* LaunchScreen.storyboard */; };
		14DE9B2E203D00B400FE69FE /* CardView.swift in Sources */ = {isa = PBXBuildFile; fileRef = 14DE9B2D203D00B400FE69FE /* CardView.swift */; };
		14DE9B30203D012E00FE69FE /* TableViewController.swift in Sources */ = {isa = PBXBuildFile; fileRef = 14DE9B2F203D012E00FE69FE /* TableViewController.swift */; };
		14DE9B32203D01CA00FE69FE /* TableViewCell.swift in Sources */ = {isa = PBXBuildFile; fileRef = 14DE9B31203D01CA00FE69FE /* TableViewCell.swift */; };
		14DE9B3B203D0C6700FE69FE /* List.storyboard in Resources */ = {isa = PBXBuildFile; fileRef = 14DE9B3A203D0C6700FE69FE /* List.storyboard */; };
		14DE9B3D203D21DF00FE69FE /* Internet.swift in Sources */ = {isa = PBXBuildFile; fileRef = 14DE9B3C203D21DF00FE69FE /* Internet.swift */; };
		14DE9B3F203D23DA00FE69FE /* JsonData.swift in Sources */ = {isa = PBXBuildFile; fileRef = 14DE9B3E203D23DA00FE69FE /* JsonData.swift */; };
		14DE9B41203D250100FE69FE /* Model.swift in Sources */ = {isa = PBXBuildFile; fileRef = 14DE9B40203D250100FE69FE /* Model.swift */; };
/* End PBXBuildFile section */

/* Begin PBXFileReference section */
		141690122043CE8600C97AE8 /* ThereModel.swift */ = {isa = PBXFileReference; lastKnownFileType = sourcecode.swift; path = ThereModel.swift; sourceTree = "<group>"; };
		145F0A502043EF8E006E07FE /* ReportViewController.swift */ = {isa = PBXFileReference; lastKnownFileType = sourcecode.swift; path = ReportViewController.swift; sourceTree = "<group>"; };
		145F0A522043F514006E07FE /* ReportTableViewCell.swift */ = {isa = PBXFileReference; lastKnownFileType = sourcecode.swift; path = ReportTableViewCell.swift; sourceTree = "<group>"; };
		14DE9B15203CFF8200FE69FE /* YanYu-prj-iBeacon.app */ = {isa = PBXFileReference; explicitFileType = wrapper.application; includeInIndex = 0; path = "YanYu-prj-iBeacon.app"; sourceTree = BUILT_PRODUCTS_DIR; };
		14DE9B18203CFF8200FE69FE /* AppDelegate.swift */ = {isa = PBXFileReference; lastKnownFileType = sourcecode.swift; path = AppDelegate.swift; sourceTree = "<group>"; };
		14DE9B1A203CFF8200FE69FE /* ViewController.swift */ = {isa = PBXFileReference; lastKnownFileType = sourcecode.swift; path = ViewController.swift; sourceTree = "<group>"; };
		14DE9B1D203CFF8200FE69FE /* Base */ = {isa = PBXFileReference; lastKnownFileType = file.storyboard; name = Base; path = Base.lproj/Main.storyboard; sourceTree = "<group>"; };
		14DE9B20203CFF8300FE69FE /* YanYu_prj_iBeacon.xcdatamodel */ = {isa = PBXFileReference; lastKnownFileType = wrapper.xcdatamodel; path = YanYu_prj_iBeacon.xcdatamodel; sourceTree = "<group>"; };
		14DE9B22203CFF8300FE69FE /* Assets.xcassets */ = {isa = PBXFileReference; lastKnownFileType = folder.assetcatalog; path = Assets.xcassets; sourceTree = "<group>"; };
		14DE9B25203CFF8300FE69FE /* Base */ = {isa = PBXFileReference; lastKnownFileType = file.storyboard; name = Base; path = Base.lproj/LaunchScreen.storyboard; sourceTree = "<group>"; };
		14DE9B27203CFF8300FE69FE /* Info.plist */ = {isa = PBXFileReference; lastKnownFileType = text.plist.xml; path = Info.plist; sourceTree = "<group>"; };
		14DE9B2D203D00B400FE69FE /* CardView.swift */ = {isa = PBXFileReference; fileEncoding = 4; lastKnownFileType = sourcecode.swift; path = CardView.swift; sourceTree = "<group>"; };
		14DE9B2F203D012E00FE69FE /* TableViewController.swift */ = {isa = PBXFileReference; lastKnownFileType = sourcecode.swift; path = TableViewController.swift; sourceTree = "<group>"; };
		14DE9B31203D01CA00FE69FE /* TableViewCell.swift */ = {isa = PBXFileReference; lastKnownFileType = sourcecode.swift; path = TableViewCell.swift; sourceTree = "<group>"; };
		14DE9B3A203D0C6700FE69FE /* List.storyboard */ = {isa = PBXFileReference; lastKnownFileType = file.storyboard; path = List.storyboard; sourceTree = "<group>"; };
		14DE9B3C203D21DF00FE69FE /* Internet.swift */ = {isa = PBXFileReference; lastKnownFileType = sourcecode.swift; path = Internet.swift; sourceTree = "<group>"; };
		14DE9B3E203D23DA00FE69FE /* JsonData.swift */ = {isa = PBXFileReference; fileEncoding = 4; lastKnownFileType = sourcecode.swift; path = JsonData.swift; sourceTree = "<group>"; };
		14DE9B40203D250100FE69FE /* Model.swift */ = {isa = PBXFileReference; lastKnownFileType = sourcecode.swift; path = Model.swift; sourceTree = "<group>"; };
/* End PBXFileReference section */

/* Begin PBXFrameworksBuildPhase section */
		14DE9B12203CFF8200FE69FE /* Frameworks */ = {
			isa = PBXFrameworksBuildPhase;
			buildActionMask = 2147483647;
			files = (
			);
			runOnlyForDeploymentPostprocessing = 0;
		};
/* End PBXFrameworksBuildPhase section */

/* Begin PBXGroup section */
		14DE9B0C203CFF8200FE69FE = {
			isa = PBXGroup;
			children = (
				14DE9B17203CFF8200FE69FE /* YanYu-prj-iBeacon */,
				14DE9B16203CFF8200FE69FE /* Products */,
			);
			sourceTree = "<group>";
		};
		14DE9B16203CFF8200FE69FE /* Products */ = {
			isa = PBXGroup;
			children = (
				14DE9B15203CFF8200FE69FE /* YanYu-prj-iBeacon.app */,
			);
			name = Products;
			sourceTree = "<group>";
		};
		14DE9B17203CFF8200FE69FE /* YanYu-prj-iBeacon */ = {
			isa = PBXGroup;
			children = (
				14DE9B18203CFF8200FE69FE /* AppDelegate.swift */,
				14DE9B2D203D00B400FE69FE /* CardView.swift */,
				14DE9B39203D0BC800FE69FE /* Main */,
				14DE9B36203D0AF800FE69FE /* DetectionList */,
				14DE9B22203CFF8300FE69FE /* Assets.xcassets */,
				14DE9B24203CFF8300FE69FE /* LaunchScreen.storyboard */,
				14DE9B27203CFF8300FE69FE /* Info.plist */,
				14DE9B1F203CFF8300FE69FE /* YanYu_prj_iBeacon.xcdatamodeld */,
				14DE9B3C203D21DF00FE69FE /* Internet.swift */,
				14DE9B40203D250100FE69FE /* Model.swift */,
				14DE9B3E203D23DA00FE69FE /* JsonData.swift */,
			);
			path = "YanYu-prj-iBeacon";
			sourceTree = "<group>";
		};
		14DE9B36203D0AF800FE69FE /* DetectionList */ = {
			isa = PBXGroup;
			children = (
				14DE9B3A203D0C6700FE69FE /* List.storyboard */,
				14DE9B2F203D012E00FE69FE /* TableViewController.swift */,
				145F0A502043EF8E006E07FE /* ReportViewController.swift */,
				14DE9B31203D01CA00FE69FE /* TableViewCell.swift */,
				145F0A522043F514006E07FE /* ReportTableViewCell.swift */,
				141690122043CE8600C97AE8 /* ThereModel.swift */,
			);
			path = DetectionList;
			sourceTree = "<group>";
		};
		14DE9B39203D0BC800FE69FE /* Main */ = {
			isa = PBXGroup;
			children = (
				14DE9B1A203CFF8200FE69FE /* ViewController.swift */,
				14DE9B1C203CFF8200FE69FE /* Main.storyboard */,
			);
			path = Main;
			sourceTree = "<group>";
		};
/* End PBXGroup section */

/* Begin PBXNativeTarget section */
		14DE9B14203CFF8200FE69FE /* YanYu-prj-iBeacon */ = {
			isa = PBXNativeTarget;
			buildConfigurationList = 14DE9B2A203CFF8300FE69FE /* Build configuration list for PBXNativeTarget "YanYu-prj-iBeacon" */;
			buildPhases = (
				14DE9B11203CFF8200FE69FE /* Sources */,
				14DE9B12203CFF8200FE69FE /* Frameworks */,
				14DE9B13203CFF8200FE69FE /* Resources */,
			);
			buildRules = (
			);
			dependencies = (
			);
			name = "YanYu-prj-iBeacon";
			productName = "YanYu-prj-iBeacon";
			productReference = 14DE9B15203CFF8200FE69FE /* YanYu-prj-iBeacon.app */;
			productType = "com.apple.product-type.application";
		};
/* End PBXNativeTarget section */

/* Begin PBXProject section */
		14DE9B0D203CFF8200FE69FE /* Project object */ = {
			isa = PBXProject;
			attributes = {
				LastSwiftUpdateCheck = 0920;
				LastUpgradeCheck = 0920;
				ORGANIZATIONNAME = "洪權甫";
				TargetAttributes = {
					14DE9B14203CFF8200FE69FE = {
						CreatedOnToolsVersion = 9.2;
						ProvisioningStyle = Automatic;
					};
				};
			};
			buildConfigurationList = 14DE9B10203CFF8200FE69FE /* Build configuration list for PBXProject "YanYu-prj-iBeacon" */;
			compatibilityVersion = "Xcode 8.0";
			developmentRegion = en;
			hasScannedForEncodings = 0;
			knownRegions = (
				en,
				Base,
			);
			mainGroup = 14DE9B0C203CFF8200FE69FE;
			productRefGroup = 14DE9B16203CFF8200FE69FE /* Products */;
			projectDirPath = "";
			projectRoot = "";
			targets = (
				14DE9B14203CFF8200FE69FE /* YanYu-prj-iBeacon */,
			);
		};
/* End PBXProject section */

/* Begin PBXResourcesBuildPhase section */
		14DE9B13203CFF8200FE69FE /* Resources */ = {
			isa = PBXResourcesBuildPhase;
			buildActionMask = 2147483647;
			files = (
				14DE9B26203CFF8300FE69FE /* LaunchScreen.storyboard in Resources */,
				14DE9B23203CFF8300FE69FE /* Assets.xcassets in Resources */,
				14DE9B1E203CFF8200FE69FE /* Main.storyboard in Resources */,
				14DE9B3B203D0C6700FE69FE /* List.storyboard in Resources */,
			);
			runOnlyForDeploymentPostprocessing = 0;
		};
/* End PBXResourcesBuildPhase section */

/* Begin PBXSourcesBuildPhase section */
		14DE9B11203CFF8200FE69FE /* Sources */ = {
			isa = PBXSourcesBuildPhase;
			buildActionMask = 2147483647;
			files = (
				14DE9B1B203CFF8200FE69FE /* ViewController.swift in Sources */,
				14DE9B19203CFF8200FE69FE /* AppDelegate.swift in Sources */,
				14DE9B2E203D00B400FE69FE /* CardView.swift in Sources */,
				145F0A532043F514006E07FE /* ReportTableViewCell.swift in Sources */,
				14DE9B41203D250100FE69FE /* Model.swift in Sources */,
				145F0A512043EF8E006E07FE /* ReportViewController.swift in Sources */,
				141690132043CE8600C97AE8 /* ThereModel.swift in Sources */,
				14DE9B3D203D21DF00FE69FE /* Internet.swift in Sources */,
				14DE9B32203D01CA00FE69FE /* TableViewCell.swift in Sources */,
				14DE9B3F203D23DA00FE69FE /* JsonData.swift in Sources */,
				14DE9B30203D012E00FE69FE /* TableViewController.swift in Sources */,
				14DE9B21203CFF8300FE69FE /* YanYu_prj_iBeacon.xcdatamodeld in Sources */,
			);
			runOnlyForDeploymentPostprocessing = 0;
		};
/* End PBXSourcesBuildPhase section */

/* Begin PBXVariantGroup section */
		14DE9B1C203CFF8200FE69FE /* Main.storyboard */ = {
			isa = PBXVariantGroup;
			children = (
				14DE9B1D203CFF8200FE69FE /* Base */,
			);
			name = Main.storyboard;
			sourceTree = "<group>";
		};
		14DE9B24203CFF8300FE69FE /* LaunchScreen.storyboard */ = {
			isa = PBXVariantGroup;
			children = (
				14DE9B25203CFF8300FE69FE /* Base */,
			);
			name = LaunchScreen.storyboard;
			sourceTree = "<group>";
		};
/* End PBXVariantGroup section */

/* Begin XCBuildConfiguration section */
		14DE9B28203CFF8300FE69FE /* Debug */ = {
			isa = XCBuildConfiguration;
			buildSettings = {
				ALWAYS_SEARCH_USER_PATHS = NO;
				CLANG_ANALYZER_NONNULL = YES;
				CLANG_ANALYZER_NUMBER_OBJECT_CONVERSION = YES_AGGRESSIVE;
				CLANG_CXX_LANGUAGE_STANDARD = "gnu++14";
				CLANG_CXX_LIBRARY = "libc++";
				CLANG_ENABLE_MODULES = YES;
				CLANG_ENABLE_OBJC_ARC = YES;
				CLANG_WARN_BLOCK_CAPTURE_AUTORELEASING = YES;
				CLANG_WARN_BOOL_CONVERSION = YES;
				CLANG_WARN_COMMA = YES;
				CLANG_WARN_CONSTANT_CONVERSION = YES;
				CLANG_WARN_DIRECT_OBJC_ISA_USAGE = YES_ERROR;
				CLANG_WARN_DOCUMENTATION_COMMENTS = YES;
				CLANG_WARN_EMPTY_BODY = YES;
				CLANG_WARN_ENUM_CONVERSION = YES;
				CLANG_WARN_INFINITE_RECURSION = YES;
				CLANG_WARN_INT_CONVERSION = YES;
				CLANG_WARN_NON_LITERAL_NULL_CONVERSION = YES;
				CLANG_WARN_OBJC_LITERAL_CONVERSION = YES;
				CLANG_WARN_OBJC_ROOT_CLASS = YES_ERROR;
				CLANG_WARN_RANGE_LOOP_ANALYSIS = YES;
				CLANG_WARN_STRICT_PROTOTYPES = YES;
				CLANG_WARN_SUSPICIOUS_MOVE = YES;
				CLANG_WARN_UNGUARDED_AVAILABILITY = YES_AGGRESSIVE;
				CLANG_WARN_UNREACHABLE_CODE = YES;
				CLANG_WARN__DUPLICATE_METHOD_MATCH = YES;
				CODE_SIGN_IDENTITY = "iPhone Developer";
				COPY_PHASE_STRIP = NO;
				DEBUG_INFORMATION_FORMAT = dwarf;
				ENABLE_STRICT_OBJC_MSGSEND = YES;
				ENABLE_TESTABILITY = YES;
				GCC_C_LANGUAGE_STANDARD = gnu11;
				GCC_DYNAMIC_NO_PIC = NO;
				GCC_NO_COMMON_BLOCKS = YES;
				GCC_OPTIMIZATION_LEVEL = 0;
				GCC_PREPROCESSOR_DEFINITIONS = (
					"DEBUG=1",
					"$(inherited)",
				);
				GCC_WARN_64_TO_32_BIT_CONVERSION = YES;
				GCC_WARN_ABOUT_RETURN_TYPE = YES_ERROR;
				GCC_WARN_UNDECLARED_SELECTOR = YES;
				GCC_WARN_UNINITIALIZED_AUTOS = YES_AGGRESSIVE;
				GCC_WARN_UNUSED_FUNCTION = YES;
				GCC_WARN_UNUSED_VARIABLE = YES;
				IPHONEOS_DEPLOYMENT_TARGET = 11.2;
				MTL_ENABLE_DEBUG_INFO = YES;
				ONLY_ACTIVE_ARCH = YES;
				SDKROOT = iphoneos;
				SWIFT_ACTIVE_COMPILATION_CONDITIONS = DEBUG;
				SWIFT_OPTIMIZATION_LEVEL = "-Onone";
			};
			name = Debug;
		};
		14DE9B29203CFF8300FE69FE /* Release */ = {
			isa = XCBuildConfiguration;
			buildSettings = {
				ALWAYS_SEARCH_USER_PATHS = NO;
				CLANG_ANALYZER_NONNULL = YES;
				CLANG_ANALYZER_NUMBER_OBJECT_CONVERSION = YES_AGGRESSIVE;
				CLANG_CXX_LANGUAGE_STANDARD = "gnu++14";
				CLANG_CXX_LIBRARY = "libc++";
				CLANG_ENABLE_MODULES = YES;
				CLANG_ENABLE_OBJC_ARC = YES;
				CLANG_WARN_BLOCK_CAPTURE_AUTORELEASING = YES;
				CLANG_WARN_BOOL_CONVERSION = YES;
				CLANG_WARN_COMMA = YES;
				CLANG_WARN_CONSTANT_CONVERSION = YES;
				CLANG_WARN_DIRECT_OBJC_ISA_USAGE = YES_ERROR;
				CLANG_WARN_DOCUMENTATION_COMMENTS = YES;
				CLANG_WARN_EMPTY_BODY = YES;
				CLANG_WARN_ENUM_CONVERSION = YES;
				CLANG_WARN_INFINITE_RECURSION = YES;
				CLANG_WARN_INT_CONVERSION = YES;
				CLANG_WARN_NON_LITERAL_NULL_CONVERSION = YES;
				CLANG_WARN_OBJC_LITERAL_CONVERSION = YES;
				CLANG_WARN_OBJC_ROOT_CLASS = YES_ERROR;
				CLANG_WARN_RANGE_LOOP_ANALYSIS = YES;
				CLANG_WARN_STRICT_PROTOTYPES = YES;
				CLANG_WARN_SUSPICIOUS_MOVE = YES;
				CLANG_WARN_UNGUARDED_AVAILABILITY = YES_AGGRESSIVE;
				CLANG_WARN_UNREACHABLE_CODE = YES;
				CLANG_WARN__DUPLICATE_METHOD_MATCH = YES;
				CODE_SIGN_IDENTITY = "iPhone Developer";
				COPY_PHASE_STRIP = NO;
				DEBUG_INFORMATION_FORMAT = "dwarf-with-dsym";
				ENABLE_NS_ASSERTIONS = NO;
				ENABLE_STRICT_OBJC_MSGSEND = YES;
				GCC_C_LANGUAGE_STANDARD = gnu11;
				GCC_NO_COMMON_BLOCKS = YES;
				GCC_WARN_64_TO_32_BIT_CONVERSION = YES;
				GCC_WARN_ABOUT_RETURN_TYPE = YES_ERROR;
				GCC_WARN_UNDECLARED_SELECTOR = YES;
				GCC_WARN_UNINITIALIZED_AUTOS = YES_AGGRESSIVE;
				GCC_WARN_UNUSED_FUNCTION = YES;
				GCC_WARN_UNUSED_VARIABLE = YES;
				IPHONEOS_DEPLOYMENT_TARGET = 11.2;
				MTL_ENABLE_DEBUG_INFO = NO;
				SDKROOT = iphoneos;
				SWIFT_OPTIMIZATION_LEVEL = "-Owholemodule";
				VALIDATE_PRODUCT = YES;
			};
			name = Release;
		};
		14DE9B2B203CFF8300FE69FE /* Debug */ = {
			isa = XCBuildConfiguration;
			buildSettings = {
				ASSETCATALOG_COMPILER_APPICON_NAME = AppIcon;
				CODE_SIGN_STYLE = Automatic;
				DEVELOPMENT_TEAM = B874XQUYK3;
				INFOPLIST_FILE = "YanYu-prj-iBeacon/Info.plist";
				LD_RUNPATH_SEARCH_PATHS = "$(inherited) @executable_path/Frameworks";
				PRODUCT_BUNDLE_IDENTIFIER = "me.chinf.YanYu-prj-iBeacon";
				PRODUCT_NAME = "$(TARGET_NAME)";
				SWIFT_VERSION = 4.0;
				TARGETED_DEVICE_FAMILY = "1,2";
			};
			name = Debug;
		};
		14DE9B2C203CFF8300FE69FE /* Release */ = {
			isa = XCBuildConfiguration;
			buildSettings = {
				ASSETCATALOG_COMPILER_APPICON_NAME = AppIcon;
				CODE_SIGN_STYLE = Automatic;
				DEVELOPMENT_TEAM = B874XQUYK3;
				INFOPLIST_FILE = "YanYu-prj-iBeacon/Info.plist";
				LD_RUNPATH_SEARCH_PATHS = "$(inherited) @executable_path/Frameworks";
				PRODUCT_BUNDLE_IDENTIFIER = "me.chinf.YanYu-prj-iBeacon";
				PRODUCT_NAME = "$(TARGET_NAME)";
				SWIFT_VERSION = 4.0;
				TARGETED_DEVICE_FAMILY = "1,2";
			};
			name = Release;
		};
/* End XCBuildConfiguration section */

/* Begin XCConfigurationList section */
		14DE9B10203CFF8200FE69FE /* Build configuration list for PBXProject "YanYu-prj-iBeacon" */ = {
			isa = XCConfigurationList;
			buildConfigurations = (
				14DE9B28203CFF8300FE69FE /* Debug */,
				14DE9B29203CFF8300FE69FE /* Release */,
			);
			defaultConfigurationIsVisible = 0;
			defaultConfigurationName = Release;
		};
		14DE9B2A203CFF8300FE69FE /* Build configuration list for PBXNativeTarget "YanYu-prj-iBeacon" */ = {
			isa = XCConfigurationList;
			buildConfigurations = (
				14DE9B2B203CFF8300FE69FE /* Debug */,
				14DE9B2C203CFF8300FE69FE /* Release */,
			);
			defaultConfigurationIsVisible = 0;
			defaultConfigurationName = Release;
		};
/* End XCConfigurationList section */

/* Begin XCVersionGroup section */
		14DE9B1F203CFF8300FE69FE /* YanYu_prj_iBeacon.xcdatamodeld */ = {
			isa = XCVersionGroup;
			children = (
				14DE9B20203CFF8300FE69FE /* YanYu_prj_iBeacon.xcdatamodel */,
			);
			currentVersion = 14DE9B20203CFF8300FE69FE /* YanYu_prj_iBeacon.xcdatamodel */;
			path = YanYu_prj_iBeacon.xcdatamodeld;
			sourceTree = "<group>";
			versionGroupType = wrapper.xcdatamodel;
		};
/* End XCVersionGroup section */
	};
	rootObject = 14DE9B0D203CFF8200FE69FE /* Project object */;
}
